
Microsoft Visual Studio Solution File, Format Version 12.00
# Visual Studio 14
VisualStudioVersion = 14.0.25123.0
MinimumVisualStudioVersion = 10.0.40219.1
Project("{FAE04EC0-301F-11D3-BF4B-00C04F79EFBC}") = "Sample1", "Sample1\Sample1.csproj", "{66CAA011-9FEE-40F7-AA8D-923616D2B64B}"
EndProject
Project("{FAE04EC0-301F-11D3-BF4B-00C04F79EFBC}") = "Sample2", "Sample2\Sample2.csproj", "{D51D6016-24F3-45C8-943E-1F5BCD0ACFAF}"
EndProject
Project("{FAE04EC0-301F-11D3-BF4B-00C04F79EFBC}") = "Sample3", "Sample3\Sample3.csproj", "{802E3981-20A3-4B7C-9662-1036C26C2F4B}"
EndProject
Project("{FAE04EC0-301F-11D3-BF4B-00C04F79EFBC}") = "Sample5", "Sample5\Sample5.csproj", "{CDEA0BE2-AF27-4B5E-BA0C-64348F61C1FE}"
EndProject
Project("{FAE04EC0-301F-11D3-BF4B-00C04F79EFBC}") = "Sample4_1", "Sample4_1\Sample4_1.csproj", "{2ED4C618-78A2-419B-94FD-EA3F9984A44C}"
EndProject
Project("{FAE04EC0-301F-11D3-BF4B-00C04F79EFBC}") = "Sample4_2", "Sample4_2\Sample4_2.csproj", "{6938AC98-E72F-40DA-A50C-95E832CD018C}"
EndProject
Project("{FAE04EC0-301F-11D3-BF4B-00C04F79EFBC}") = "Sample4_3", "Sample4_3\Sample4_3.csproj", "{EFB70219-C3B3-47AB-8D45-E372552DC195}"
EndProject
Global
	GlobalSection(SolutionConfigurationPlatforms) = preSolution
		Debug|Any CPU = Debug|Any CPU
		Release|Any CPU = Release|Any CPU
	EndGlobalSection
	GlobalSection(ProjectConfigurationPlatforms) = postSolution
		{66CAA011-9FEE-40F7-AA8D-923616D2B64B}.Debug|Any CPU.ActiveCfg = Debug|Any CPU
		{66CAA011-9FEE-40F7-AA8D-923616D2B64B}.Debug|Any CPU.Build.0 = Debug|Any CPU
		{66CAA011-9FEE-40F7-AA8D-923616D2B64B}.Release|Any CPU.ActiveCfg = Release|Any CPU
		{66CAA011-9FEE-40F7-AA8D-923616D2B64B}.Release|Any CPU.Build.0 = Release|Any CPU
		{D51D6016-24F3-45C8-943E-1F5BCD0ACFAF}.Debug|Any CPU.ActiveCfg = Debug|Any CPU
		{D51D6016-24F3-45C8-943E-1F5BCD0ACFAF}.Debug|Any CPU.Build.0 = Debug|Any CPU
		{D51D6016-24F3-45C8-943E-1F5BCD0ACFAF}.Release|Any CPU.ActiveCfg = Release|Any CPU
		{D51D6016-24F3-45C8-943E-1F5BCD0ACFAF}.Release|Any CPU.Build.0 = Release|Any CPU
		{802E3981-20A3-4B7C-9662-1036C26C2F4B}.Debug|Any CPU.ActiveCfg = Debug|Any CPU
		{802E3981-20A3-4B7C-9662-1036C26C2F4B}.Debug|Any CPU.Build.0 = Debug|Any CPU
		{802E3981-20A3-4B7C-9662-1036C26C2F4B}.Release|Any CPU.ActiveCfg = Release|Any CPU
		{802E3981-20A3-4B7C-9662-1036C26C2F4B}.Release|Any CPU.Build.0 = Release|Any CPU
		{CDEA0BE2-AF27-4B5E-BA0C-64348F61C1FE}.Debug|Any CPU.ActiveCfg = Debug|Any CPU
		{CDEA0BE2-AF27-4B5E-BA0C-64348F61C1FE}.Debug|Any CPU.Build.0 = Debug|Any CPU
		{CDEA0BE2-AF27-4B5E-BA0C-64348F61C1FE}.Release|Any CPU.ActiveCfg = Release|Any CPU
		{CDEA0BE2-AF27-4B5E-BA0C-64348F61C1FE}.Release|Any CPU.Build.0 = Release|Any CPU
		{2ED4C618-78A2-419B-94FD-EA3F9984A44C}.Debug|Any CPU.ActiveCfg = Debug|Any CPU
		{2ED4C618-78A2-419B-94FD-EA3F9984A44C}.Debug|Any CPU.Build.0 = Debug|Any CPU
		{2ED4C618-78A2-419B-94FD-EA3F9984A44C}.Release|Any CPU.ActiveCfg = Release|Any CPU
		{2ED4C618-78A2-419B-94FD-EA3F9984A44C}.Release|Any CPU.Build.0 = Release|Any CPU
		{6938AC98-E72F-40DA-A50C-95E832CD018C}.Debug|Any CPU.ActiveCfg = Debug|Any CPU
		{6938AC98-E72F-40DA-A50C-95E832CD018C}.Debug|Any CPU.Build.0 = Debug|Any CPU
		{6938AC98-E72F-40DA-A50C-95E832CD018C}.Release|Any CPU.ActiveCfg = Release|Any CPU
		{6938AC98-E72F-40DA-A50C-95E832CD018C}.Release|Any CPU.Build.0 = Release|Any CPU
		{EFB70219-C3B3-47AB-8D45-E372552DC195}.Debug|Any CPU.ActiveCfg = Debug|Any CPU
		{EFB70219-C3B3-47AB-8D45-E372552DC195}.Debug|Any CPU.Build.0 = Debug|Any CPU
		{EFB70219-C3B3-47AB-8D45-E372552DC195}.Release|Any CPU.ActiveCfg = Release|Any CPU
		{EFB70219-C3B3-47AB-8D45-E372552DC195}.Release|Any CPU.Build.0 = Release|Any CPU
	EndGlobalSection
	GlobalSection(SolutionProperties) = preSolution
		HideSolutionNode = FALSE
	EndGlobalSection
EndGlobal
